{
  "name": "es-headless",
  "version": "0.0.1",
  "lockfileVersion": 1,
  "requires": true,
  "dependencies": {
    "@riotjs/observable": {
      "version": "4.0.4",
      "resolved": "https://registry.npmjs.org/@riotjs/observable/-/observable-4.0.4.tgz",
      "integrity": "sha512-IscZSGID7UL0YLdRL49elEk8hCCENVp8LJH2fyxXCf4tofJa1toF9zl9vKZEk5Eje60ETBMxSzqHJbAC+5j2OQ=="
    },
    "underscore": {
      "version": "1.9.2",
      "resolved": "https://registry.npmjs.org/underscore/-/underscore-1.9.2.tgz",
      "integrity": "sha512-D39qtimx0c1fI3ya1Lnhk3E9nONswSKhnffBI0gME9C99fYOkNi04xs8K6pePLhvl1frbDemkaBQ5ikWllR2HQ=="
    },
    "unobservable": {
      "version": "1.1.0",
      "resolved": "https://registry.npmjs.org/unobservable/-/unobservable-1.1.0.tgz",
      "integrity": "sha512-KtbjE+yCZr/hytbMRIH78BxRfg0h/zTLGBq01vYk0juTv4UPsHywxio5Ux8JEoxkjlwtsocmD0kgCdDsCiW7dg=="
    }
  }
}
